
Microsoft Visual Studio Solution File, Format Version 12.00
# Visual Studio Version 16
VisualStudioVersion = 16.0.29613.14
MinimumVisualStudioVersion = 10.0.40219.1
Project("{FAE04EC0-301F-11D3-BF4B-00C04F79EFBC}") = "BinarySearchTree", "BinarySearchTree.csproj", "{596EE83C-E48C-4ED1-93FF-463BB7D4F9DE}"
EndProject
Global
	GlobalSection(SolutionConfigurationPlatforms) = preSolution
		Debug|Any CPU = Debug|Any CPU
		Release|Any CPU = Release|Any CPU
	EndGlobalSection
	GlobalSection(ProjectConfigurationPlatforms) = postSolution
		{596EE83C-E48C-4ED1-93FF-463BB7D4F9DE}.Debug|Any CPU.ActiveCfg = Debug|Any CPU
		{596EE83C-E48C-4ED1-93FF-463BB7D4F9DE}.Debug|Any CPU.Build.0 = Debug|Any CPU
		{596EE83C-E48C-4ED1-93FF-463BB7D4F9DE}.Release|Any CPU.ActiveCfg = Release|Any CPU
		{596EE83C-E48C-4ED1-93FF-463BB7D4F9DE}.Release|Any CPU.Build.0 = Release|Any CPU
	EndGlobalSection
	GlobalSection(SolutionProperties) = preSolution
		HideSolutionNode = FALSE
	EndGlobalSection
	GlobalSection(ExtensibilityGlobals) = postSolution
		SolutionGuid = {61691505-5AED-479A-AC33-1C9FE0FB977B}
	EndGlobalSection
EndGlobal
